# This file is automatically @generated by Poetry 1.8.3 and should not be changed by hand.

[[package]]
name = "maturin"
version = "1.7.7"
description = "Build and publish crates with pyo3, cffi and uniffi bindings as well as rust binaries as python packages"
optional = false
python-versions = ">=3.7"
files = [
    {file = "maturin-1.7.7-py3-none-linux_armv6l.whl", hash = "sha256:4340c1f14ed6f99cb32b2b600695c36777cc8495c0379bd39c48fdfec14ec217"},
    {file = "maturin-1.7.7-py3-none-macosx_10_12_x86_64.macosx_11_0_arm64.macosx_10_12_universal2.whl", hash = "sha256:81dad806dc58479fcf6ae06d7fc6ae297569143ef46fd8c11e0cfbc1495b13d0"},
    {file = "maturin-1.7.7-py3-none-macosx_10_12_x86_64.whl", hash = "sha256:f5263b710e512f62298912742cbb86f264a049e90d36f907e6db33ad00ef4a96"},
    {file = "maturin-1.7.7-py3-none-manylinux_2_12_i686.manylinux2010_i686.musllinux_1_1_i686.whl", hash = "sha256:3c7118ffb33bff79ef316fbcffbc4abcc6f7a94a3a28632342309495b2e46743"},
    {file = "maturin-1.7.7-py3-none-manylinux_2_12_x86_64.manylinux2010_x86_64.musllinux_1_1_x86_64.whl", hash = "sha256:46eba416c6e94bea5242217c1c6e59b4589a50f5e7a0564c69caba79703d1ea1"},
    {file = "maturin-1.7.7-py3-none-manylinux_2_17_aarch64.manylinux2014_aarch64.musllinux_1_1_aarch64.whl", hash = "sha256:e057fc15885feb3b190cfe5d5aa126882f382cb3b7f32f3cd4f93e98cde7f54d"},
    {file = "maturin-1.7.7-py3-none-manylinux_2_17_armv7l.manylinux2014_armv7l.musllinux_1_1_armv7l.whl", hash = "sha256:0b6de26cfd294d6235e0f1283f6d3eb68d4ee26dd080e654df535c115c52ff3e"},
    {file = "maturin-1.7.7-py3-none-manylinux_2_17_ppc64le.manylinux2014_ppc64le.musllinux_1_1_ppc64le.whl", hash = "sha256:f4df863a3ffafeb0dbeefc017bcf42ad202c8ea54425ebda950ddfcb27e67d93"},
    {file = "maturin-1.7.7-py3-none-manylinux_2_17_s390x.manylinux2014_s390x.whl", hash = "sha256:3be20897905d7c2cbecebb95c23d5b61af2a20787284fbe3259861f093e4d0e6"},
    {file = "maturin-1.7.7-py3-none-win32.whl", hash = "sha256:c7b421600bbd1b23247e63426d24740ae4f29b9c1ef6c498f605a9b58205c4b6"},
    {file = "maturin-1.7.7-py3-none-win_amd64.whl", hash = "sha256:3c5d1c50f4368e83ce35d480aa7767f8c2261e51cf05b2c451b4860b62d028fc"},
    {file = "maturin-1.7.7-py3-none-win_arm64.whl", hash = "sha256:f8d6324296918f8c6bfc0d80fc64584358b46e9a41c671ca5f9f6f8430ff9611"},
    {file = "maturin-1.7.7.tar.gz", hash = "sha256:056a0b688fe697976b9b4683030544773db88c001ea10cde4e89cefcc6a873f9"},
]

[package.dependencies]
tomli = {version = ">=1.1.0", markers = "python_version < \"3.11\""}

[package.extras]
patchelf = ["patchelf"]
zig = ["ziglang (>=0.10.0,<0.13.0)"]

[[package]]
name = "tomli"
version = "2.0.2"
description = "A lil' TOML parser"
optional = false
python-versions = ">=3.8"
files = [
    {file = "tomli-2.0.2-py3-none-any.whl", hash = "sha256:2ebe24485c53d303f690b0ec092806a085f07af5a5aa1464f3931eec36caaa38"},
    {file = "tomli-2.0.2.tar.gz", hash = "sha256:d46d457a85337051c36524bc5349dd91b1877838e2979ac5ced3e710ed8a60ed"},
]

[metadata]
lock-version = "2.0"
python-versions = "^3.8"
content-hash = "6a6d54f51fc2eaf67fc74d04959e20a4a20b6b78853ad5768326ff89d2434572"
